
Microsoft Visual Studio Solution File, Format Version 12.00
# Visual Studio Version 17
VisualStudioVersion = 17.6.33723.286
MinimumVisualStudioVersion = 10.0.40219.1
Project("{FAE04EC0-301F-11D3-BF4B-00C04F79EFBC}") = "WindowsFormsApp", "WindowsFormsApp\WindowsFormsApp.csproj", "{A1BAA02F-796E-4889-81EA-5AEEA19699C9}"
EndProject
Project("{FAE04EC0-301F-11D3-BF4B-00C04F79EFBC}") = "Game1_Objects_Library", "ClassLibrary1\Game1_Objects_Library.csproj", "{AA965FCB-D3CC-4D66-809F-FB2CB7F21396}"
EndProject
Global
	GlobalSection(SolutionConfigurationPlatforms) = preSolution
		Debug|Any CPU = Debug|Any CPU
		Release|Any CPU = Release|Any CPU
	EndGlobalSection
	GlobalSection(ProjectConfigurationPlatforms) = postSolution
		{A1BAA02F-796E-4889-81EA-5AEEA19699C9}.Debug|Any CPU.ActiveCfg = Debug|Any CPU
		{A1BAA02F-796E-4889-81EA-5AEEA19699C9}.Debug|Any CPU.Build.0 = Debug|Any CPU
		{A1BAA02F-796E-4889-81EA-5AEEA19699C9}.Release|Any CPU.ActiveCfg = Release|Any CPU
		{A1BAA02F-796E-4889-81EA-5AEEA19699C9}.Release|Any CPU.Build.0 = Release|Any CPU
		{AA965FCB-D3CC-4D66-809F-FB2CB7F21396}.Debug|Any CPU.ActiveCfg = Debug|Any CPU
		{AA965FCB-D3CC-4D66-809F-FB2CB7F21396}.Debug|Any CPU.Build.0 = Debug|Any CPU
		{AA965FCB-D3CC-4D66-809F-FB2CB7F21396}.Release|Any CPU.ActiveCfg = Release|Any CPU
		{AA965FCB-D3CC-4D66-809F-FB2CB7F21396}.Release|Any CPU.Build.0 = Release|Any CPU
	EndGlobalSection
	GlobalSection(SolutionProperties) = preSolution
		HideSolutionNode = FALSE
	EndGlobalSection
	GlobalSection(ExtensibilityGlobals) = postSolution
		SolutionGuid = {CAF27CC9-D415-4603-8B34-C2965603B071}
	EndGlobalSection
EndGlobal
